
Microsoft Visual Studio Solution File, Format Version 12.00
# Visual Studio Version 17
VisualStudioVersion = 17.10.35013.160
MinimumVisualStudioVersion = 10.0.40219.1
Project("{FAE04EC0-301F-11D3-BF4B-00C04F79EFBC}") = "APIInPIoneer", "APIInPIoneer\APIInPIoneer.csproj", "{D6B2E23E-D756-4E34-B31D-EA2B6D925CBA}"
EndProject
Global
	GlobalSection(SolutionConfigurationPlatforms) = preSolution
		Debug|Any CPU = Debug|Any CPU
		Release|Any CPU = Release|Any CPU
	EndGlobalSection
	GlobalSection(ProjectConfigurationPlatforms) = postSolution
		{D6B2E23E-D756-4E34-B31D-EA2B6D925CBA}.Debug|Any CPU.ActiveCfg = Debug|Any CPU
		{D6B2E23E-D756-4E34-B31D-EA2B6D925CBA}.Debug|Any CPU.Build.0 = Debug|Any CPU
		{D6B2E23E-D756-4E34-B31D-EA2B6D925CBA}.Release|Any CPU.ActiveCfg = Release|Any CPU
		{D6B2E23E-D756-4E34-B31D-EA2B6D925CBA}.Release|Any CPU.Build.0 = Release|Any CPU
	EndGlobalSection
	GlobalSection(SolutionProperties) = preSolution
		HideSolutionNode = FALSE
	EndGlobalSection
	GlobalSection(ExtensibilityGlobals) = postSolution
		SolutionGuid = {3F9D4882-445C-466F-8B81-1C52E9C0831F}
	EndGlobalSection
EndGlobal
